hash: 7f579798de1bfd0ef657780c00f4dc43289488eba5b874dd66d84cd26f08a34c
updated: 2017-09-08T13:49:02.435432715+07:00
imports:
- name: github.com/gorilla/context
  version: 08b5f424b9271eedf6f9f0ce86cb9396ed337a42
- name: github.com/gorilla/mux
  version: bcd8bc72b08df0f70df986b97f95590779502d31
testImports: []
